
Microsoft Visual Studio Solution File, Format Version 12.00
# Visual Studio Version 17
VisualStudioVersion = 17.10.34928.147
MinimumVisualStudioVersion = 10.0.40219.1
Project("{FAE04EC0-301F-11D3-BF4B-00C04F79EFBC}") = "WebApplication7", "WebApplication7\WebApplication7.csproj", "{C23D8963-3C21-4AF2-9D4D-ED61C5B17291}"
EndProject
Global
	GlobalSection(SolutionConfigurationPlatforms) = preSolution
		Debug|Any CPU = Debug|Any CPU
		Release|Any CPU = Release|Any CPU
	EndGlobalSection
	GlobalSection(ProjectConfigurationPlatforms) = postSolution
		{C23D8963-3C21-4AF2-9D4D-ED61C5B17291}.Debug|Any CPU.ActiveCfg = Debug|Any CPU
		{C23D8963-3C21-4AF2-9D4D-ED61C5B17291}.Debug|Any CPU.Build.0 = Debug|Any CPU
		{C23D8963-3C21-4AF2-9D4D-ED61C5B17291}.Release|Any CPU.ActiveCfg = Release|Any CPU
		{C23D8963-3C21-4AF2-9D4D-ED61C5B17291}.Release|Any CPU.Build.0 = Release|Any CPU
	EndGlobalSection
	GlobalSection(SolutionProperties) = preSolution
		HideSolutionNode = FALSE
	EndGlobalSection
	GlobalSection(ExtensibilityGlobals) = postSolution
		SolutionGuid = {FFB4F9B7-D7A7-4ACC-9374-33328D8D11CC}
	EndGlobalSection
EndGlobal
