
Microsoft Visual Studio Solution File, Format Version 12.00
# Visual Studio Version 17
VisualStudioVersion = 17.10.34928.147
MinimumVisualStudioVersion = 10.0.40219.1
Project("{9A19103F-16F7-4668-BE54-9A1E7A4F7556}") = "WebApplication7", "WebApplication7\WebApplication7.csproj", "{C23D8963-3C21-4AF2-9D4D-ED61C5B17291}"
EndProject
Project("{FAE04EC0-301F-11D3-BF4B-00C04F79EFBC}") = "WebApplication71", "WebApplication71\WebApplication71.csproj", "{FA94DF40-5B36-419C-9FCF-1C5F133F8436}"
EndProject
Project("{FAE04EC0-301F-11D3-BF4B-00C04F79EFBC}") = "WebApplication72minimn_api", "WebApplication72minimn_api\WebApplication72minimn_api.csproj", "{AA86F152-5D0F-4CBE-8A37-C999E5682BFE}"
EndProject
Global
	GlobalSection(SolutionConfigurationPlatforms) = preSolution
		Debug|Any CPU = Debug|Any CPU
		Release|Any CPU = Release|Any CPU
	EndGlobalSection
	GlobalSection(ProjectConfigurationPlatforms) = postSolution
		{C23D8963-3C21-4AF2-9D4D-ED61C5B17291}.Debug|Any CPU.ActiveCfg = Debug|Any CPU
		{C23D8963-3C21-4AF2-9D4D-ED61C5B17291}.Debug|Any CPU.Build.0 = Debug|Any CPU
		{C23D8963-3C21-4AF2-9D4D-ED61C5B17291}.Release|Any CPU.ActiveCfg = Release|Any CPU
		{C23D8963-3C21-4AF2-9D4D-ED61C5B17291}.Release|Any CPU.Build.0 = Release|Any CPU
		{FA94DF40-5B36-419C-9FCF-1C5F133F8436}.Debug|Any CPU.ActiveCfg = Debug|Any CPU
		{FA94DF40-5B36-419C-9FCF-1C5F133F8436}.Debug|Any CPU.Build.0 = Debug|Any CPU
		{FA94DF40-5B36-419C-9FCF-1C5F133F8436}.Release|Any CPU.ActiveCfg = Release|Any CPU
		{FA94DF40-5B36-419C-9FCF-1C5F133F8436}.Release|Any CPU.Build.0 = Release|Any CPU
		{AA86F152-5D0F-4CBE-8A37-C999E5682BFE}.Debug|Any CPU.ActiveCfg = Debug|Any CPU
		{AA86F152-5D0F-4CBE-8A37-C999E5682BFE}.Debug|Any CPU.Build.0 = Debug|Any CPU
		{AA86F152-5D0F-4CBE-8A37-C999E5682BFE}.Release|Any CPU.ActiveCfg = Release|Any CPU
		{AA86F152-5D0F-4CBE-8A37-C999E5682BFE}.Release|Any CPU.Build.0 = Release|Any CPU
	EndGlobalSection
	GlobalSection(SolutionProperties) = preSolution
		HideSolutionNode = FALSE
	EndGlobalSection
	GlobalSection(ExtensibilityGlobals) = postSolution
		SolutionGuid = {FFB4F9B7-D7A7-4ACC-9374-33328D8D11CC}
	EndGlobalSection
EndGlobal
